
Microsoft Visual Studio Solution File, Format Version 12.00
# Visual Studio Version 17
VisualStudioVersion = 17.0.32112.339
MinimumVisualStudioVersion = 10.0.40219.1
Project("{FAE04EC0-301F-11D3-BF4B-00C04F79EFBC}") = "ZipZap", "ZipZap\ZipZap.csproj", "{ECC71C65-75F3-48BF-99C5-F985AE60B5B4}"
EndProject
Global
	GlobalSection(SolutionConfigurationPlatforms) = preSolution
		Debug|Any CPU = Debug|Any CPU
		Release|Any CPU = Release|Any CPU
	EndGlobalSection
	GlobalSection(ProjectConfigurationPlatforms) = postSolution
		{ECC71C65-75F3-48BF-99C5-F985AE60B5B4}.Debug|Any CPU.ActiveCfg = Debug|Any CPU
		{ECC71C65-75F3-48BF-99C5-F985AE60B5B4}.Debug|Any CPU.Build.0 = Debug|Any CPU
		{ECC71C65-75F3-48BF-99C5-F985AE60B5B4}.Release|Any CPU.ActiveCfg = Release|Any CPU
		{ECC71C65-75F3-48BF-99C5-F985AE60B5B4}.Release|Any CPU.Build.0 = Release|Any CPU
	EndGlobalSection
	GlobalSection(SolutionProperties) = preSolution
		HideSolutionNode = FALSE
	EndGlobalSection
	GlobalSection(ExtensibilityGlobals) = postSolution
		SolutionGuid = {B68B601B-E837-40C5-9E54-6CE176EDCD6F}
	EndGlobalSection
EndGlobal
